
Microsoft Visual Studio Solution File, Format Version 12.00
# Visual Studio Version 17
VisualStudioVersion = 17.13.35931.197
MinimumVisualStudioVersion = 10.0.40219.1
Project("{FAE04EC0-301F-11D3-BF4B-00C04F79EFBC}") = "SimplyInventory.Web", "SimplyInventory.Web\SimplyInventory.Web.csproj", "{E9199621-481D-4F33-8422-A97C317517F1}"
EndProject
Project("{FAE04EC0-301F-11D3-BF4B-00C04F79EFBC}") = "SimplyInventory.Data", "SimplyInventory.Data\SimplyInventory.Data.csproj", "{F2593588-4893-4468-B199-48FBFD46B1AC}"
EndProject
Project("{FAE04EC0-301F-11D3-BF4B-00C04F79EFBC}") = "SimplyInventory.QB", "SimplyInventory.QB\SimplyInventory.QB.csproj", "{D566B8A0-58C6-4A70-AFE2-DE656FF353D8}"
EndProject
Global
	GlobalSection(SolutionConfigurationPlatforms) = preSolution
		Debug|Any CPU = Debug|Any CPU
		Release|Any CPU = Release|Any CPU
	EndGlobalSection
	GlobalSection(ProjectConfigurationPlatforms) = postSolution
		{E9199621-481D-4F33-8422-A97C317517F1}.Debug|Any CPU.ActiveCfg = Debug|Any CPU
		{E9199621-481D-4F33-8422-A97C317517F1}.Debug|Any CPU.Build.0 = Debug|Any CPU
		{E9199621-481D-4F33-8422-A97C317517F1}.Release|Any CPU.ActiveCfg = Release|Any CPU
		{E9199621-481D-4F33-8422-A97C317517F1}.Release|Any CPU.Build.0 = Release|Any CPU
		{F2593588-4893-4468-B199-48FBFD46B1AC}.Debug|Any CPU.ActiveCfg = Debug|Any CPU
		{F2593588-4893-4468-B199-48FBFD46B1AC}.Debug|Any CPU.Build.0 = Debug|Any CPU
		{F2593588-4893-4468-B199-48FBFD46B1AC}.Release|Any CPU.ActiveCfg = Release|Any CPU
		{F2593588-4893-4468-B199-48FBFD46B1AC}.Release|Any CPU.Build.0 = Release|Any CPU
		{D566B8A0-58C6-4A70-AFE2-DE656FF353D8}.Debug|Any CPU.ActiveCfg = Debug|Any CPU
		{D566B8A0-58C6-4A70-AFE2-DE656FF353D8}.Debug|Any CPU.Build.0 = Debug|Any CPU
		{D566B8A0-58C6-4A70-AFE2-DE656FF353D8}.Release|Any CPU.ActiveCfg = Release|Any CPU
		{D566B8A0-58C6-4A70-AFE2-DE656FF353D8}.Release|Any CPU.Build.0 = Release|Any CPU
	EndGlobalSection
	GlobalSection(SolutionProperties) = preSolution
		HideSolutionNode = FALSE
	EndGlobalSection
	GlobalSection(ExtensibilityGlobals) = postSolution
		SolutionGuid = {ED049C02-4D2A-49D3-B209-A12C6CB0AB36}
	EndGlobalSection
EndGlobal
